
Microsoft Visual Studio Solution File, Format Version 12.00
# Visual Studio Version 17
VisualStudioVersion = 17.13.35818.85 d17.13
MinimumVisualStudioVersion = 10.0.40219.1
Project("{FAE04EC0-301F-11D3-BF4B-00C04F79EFBC}") = "LikeLion1", "LikeLion1\LikeLion1.csproj", "{9221F55F-C981-4329-86FD-B5E3E97A532E}"
EndProject
Global
	GlobalSection(SolutionConfigurationPlatforms) = preSolution
		Debug|Any CPU = Debug|Any CPU
		Release|Any CPU = Release|Any CPU
	EndGlobalSection
	GlobalSection(ProjectConfigurationPlatforms) = postSolution
		{9221F55F-C981-4329-86FD-B5E3E97A532E}.Debug|Any CPU.ActiveCfg = Debug|Any CPU
		{9221F55F-C981-4329-86FD-B5E3E97A532E}.Debug|Any CPU.Build.0 = Debug|Any CPU
		{9221F55F-C981-4329-86FD-B5E3E97A532E}.Release|Any CPU.ActiveCfg = Release|Any CPU
		{9221F55F-C981-4329-86FD-B5E3E97A532E}.Release|Any CPU.Build.0 = Release|Any CPU
	EndGlobalSection
	GlobalSection(SolutionProperties) = preSolution
		HideSolutionNode = FALSE
	EndGlobalSection
	GlobalSection(ExtensibilityGlobals) = postSolution
		SolutionGuid = {C4D76256-B535-49A0-96B6-BA6CB8AE12BB}
	EndGlobalSection
EndGlobal
