
Microsoft Visual Studio Solution File, Format Version 12.00
# Visual Studio Version 17
VisualStudioVersion = 17.13.35825.156 d17.13
MinimumVisualStudioVersion = 10.0.40219.1
Project("{FAE04EC0-301F-11D3-BF4B-00C04F79EFBC}") = "Study21", "Study21\Study21.csproj", "{437C5B92-0942-4664-8898-94AB0E211E11}"
EndProject
Global
	GlobalSection(SolutionConfigurationPlatforms) = preSolution
		Debug|Any CPU = Debug|Any CPU
		Release|Any CPU = Release|Any CPU
	EndGlobalSection
	GlobalSection(ProjectConfigurationPlatforms) = postSolution
		{437C5B92-0942-4664-8898-94AB0E211E11}.Debug|Any CPU.ActiveCfg = Debug|Any CPU
		{437C5B92-0942-4664-8898-94AB0E211E11}.Debug|Any CPU.Build.0 = Debug|Any CPU
		{437C5B92-0942-4664-8898-94AB0E211E11}.Release|Any CPU.ActiveCfg = Release|Any CPU
		{437C5B92-0942-4664-8898-94AB0E211E11}.Release|Any CPU.Build.0 = Release|Any CPU
	EndGlobalSection
	GlobalSection(SolutionProperties) = preSolution
		HideSolutionNode = FALSE
	EndGlobalSection
	GlobalSection(ExtensibilityGlobals) = postSolution
		SolutionGuid = {015FE77C-9622-4227-B4DF-AB9EA5C75C45}
	EndGlobalSection
EndGlobal
