
Microsoft Visual Studio Solution File, Format Version 12.00
# Visual Studio Version 17
VisualStudioVersion = 17.13.35818.85 d17.13
MinimumVisualStudioVersion = 10.0.40219.1
Project("{FAE04EC0-301F-11D3-BF4B-00C04F79EFBC}") = "Loading", "Loading\Loading.csproj", "{93D0C753-181E-4197-9C7E-F69216820C68}"
EndProject
Global
	GlobalSection(SolutionConfigurationPlatforms) = preSolution
		Debug|Any CPU = Debug|Any CPU
		Release|Any CPU = Release|Any CPU
	EndGlobalSection
	GlobalSection(ProjectConfigurationPlatforms) = postSolution
		{93D0C753-181E-4197-9C7E-F69216820C68}.Debug|Any CPU.ActiveCfg = Debug|Any CPU
		{93D0C753-181E-4197-9C7E-F69216820C68}.Debug|Any CPU.Build.0 = Debug|Any CPU
		{93D0C753-181E-4197-9C7E-F69216820C68}.Release|Any CPU.ActiveCfg = Release|Any CPU
		{93D0C753-181E-4197-9C7E-F69216820C68}.Release|Any CPU.Build.0 = Release|Any CPU
	EndGlobalSection
	GlobalSection(SolutionProperties) = preSolution
		HideSolutionNode = FALSE
	EndGlobalSection
	GlobalSection(ExtensibilityGlobals) = postSolution
		SolutionGuid = {4812ABBA-5121-4473-89EE-BBB035A9A840}
	EndGlobalSection
EndGlobal
