
Microsoft Visual Studio Solution File, Format Version 12.00
# Visual Studio Version 17
VisualStudioVersion = 17.13.35825.156 d17.13
MinimumVisualStudioVersion = 10.0.40219.1
Project("{FAE04EC0-301F-11D3-BF4B-00C04F79EFBC}") = "LoL", "LoL\LoL.csproj", "{6DFF00AA-C19C-4825-B097-5F1A4D8FFCDB}"
EndProject
Global
	GlobalSection(SolutionConfigurationPlatforms) = preSolution
		Debug|Any CPU = Debug|Any CPU
		Release|Any CPU = Release|Any CPU
	EndGlobalSection
	GlobalSection(ProjectConfigurationPlatforms) = postSolution
		{6DFF00AA-C19C-4825-B097-5F1A4D8FFCDB}.Debug|Any CPU.ActiveCfg = Debug|Any CPU
		{6DFF00AA-C19C-4825-B097-5F1A4D8FFCDB}.Debug|Any CPU.Build.0 = Debug|Any CPU
		{6DFF00AA-C19C-4825-B097-5F1A4D8FFCDB}.Release|Any CPU.ActiveCfg = Release|Any CPU
		{6DFF00AA-C19C-4825-B097-5F1A4D8FFCDB}.Release|Any CPU.Build.0 = Release|Any CPU
	EndGlobalSection
	GlobalSection(SolutionProperties) = preSolution
		HideSolutionNode = FALSE
	EndGlobalSection
	GlobalSection(ExtensibilityGlobals) = postSolution
		SolutionGuid = {B98F6B51-A4EB-407B-A588-FF0BC3ECB90F}
	EndGlobalSection
EndGlobal
