
Microsoft Visual Studio Solution File, Format Version 12.00
# Visual Studio Version 17
VisualStudioVersion = 17.13.35825.156 d17.13
MinimumVisualStudioVersion = 10.0.40219.1
Project("{FAE04EC0-301F-11D3-BF4B-00C04F79EFBC}") = "Study31", "Study31\Study31.csproj", "{5BE7456D-D988-48F1-B203-AE3FE3E1585E}"
EndProject
Global
	GlobalSection(SolutionConfigurationPlatforms) = preSolution
		Debug|Any CPU = Debug|Any CPU
		Release|Any CPU = Release|Any CPU
	EndGlobalSection
	GlobalSection(ProjectConfigurationPlatforms) = postSolution
		{5BE7456D-D988-48F1-B203-AE3FE3E1585E}.Debug|Any CPU.ActiveCfg = Debug|Any CPU
		{5BE7456D-D988-48F1-B203-AE3FE3E1585E}.Debug|Any CPU.Build.0 = Debug|Any CPU
		{5BE7456D-D988-48F1-B203-AE3FE3E1585E}.Release|Any CPU.ActiveCfg = Release|Any CPU
		{5BE7456D-D988-48F1-B203-AE3FE3E1585E}.Release|Any CPU.Build.0 = Release|Any CPU
	EndGlobalSection
	GlobalSection(SolutionProperties) = preSolution
		HideSolutionNode = FALSE
	EndGlobalSection
	GlobalSection(ExtensibilityGlobals) = postSolution
		SolutionGuid = {11E733FE-4C49-469F-83A4-F9713EA45C1A}
	EndGlobalSection
EndGlobal
