
Microsoft Visual Studio Solution File, Format Version 12.00
# Visual Studio Version 17
VisualStudioVersion = 17.13.35818.85 d17.13
MinimumVisualStudioVersion = 10.0.40219.1
Project("{FAE04EC0-301F-11D3-BF4B-00C04F79EFBC}") = "Study6", "Study6\Study6.csproj", "{C57D2EF5-4E2C-4414-B800-7BF64376B7F0}"
EndProject
Global
	GlobalSection(SolutionConfigurationPlatforms) = preSolution
		Debug|Any CPU = Debug|Any CPU
		Release|Any CPU = Release|Any CPU
	EndGlobalSection
	GlobalSection(ProjectConfigurationPlatforms) = postSolution
		{C57D2EF5-4E2C-4414-B800-7BF64376B7F0}.Debug|Any CPU.ActiveCfg = Debug|Any CPU
		{C57D2EF5-4E2C-4414-B800-7BF64376B7F0}.Debug|Any CPU.Build.0 = Debug|Any CPU
		{C57D2EF5-4E2C-4414-B800-7BF64376B7F0}.Release|Any CPU.ActiveCfg = Release|Any CPU
		{C57D2EF5-4E2C-4414-B800-7BF64376B7F0}.Release|Any CPU.Build.0 = Release|Any CPU
	EndGlobalSection
	GlobalSection(SolutionProperties) = preSolution
		HideSolutionNode = FALSE
	EndGlobalSection
	GlobalSection(ExtensibilityGlobals) = postSolution
		SolutionGuid = {21EF2FB5-6D49-4939-BB5F-52909F3D9F2B}
	EndGlobalSection
EndGlobal
