
Microsoft Visual Studio Solution File, Format Version 12.00
# Visual Studio Version 17
VisualStudioVersion = 17.13.35825.156 d17.13
MinimumVisualStudioVersion = 10.0.40219.1
Project("{FAE04EC0-301F-11D3-BF4B-00C04F79EFBC}") = "Study29", "Study29\Study29.csproj", "{9045F89B-6FAA-457B-BD1D-E1DCBC419171}"
EndProject
Global
	GlobalSection(SolutionConfigurationPlatforms) = preSolution
		Debug|Any CPU = Debug|Any CPU
		Release|Any CPU = Release|Any CPU
	EndGlobalSection
	GlobalSection(ProjectConfigurationPlatforms) = postSolution
		{9045F89B-6FAA-457B-BD1D-E1DCBC419171}.Debug|Any CPU.ActiveCfg = Debug|Any CPU
		{9045F89B-6FAA-457B-BD1D-E1DCBC419171}.Debug|Any CPU.Build.0 = Debug|Any CPU
		{9045F89B-6FAA-457B-BD1D-E1DCBC419171}.Release|Any CPU.ActiveCfg = Release|Any CPU
		{9045F89B-6FAA-457B-BD1D-E1DCBC419171}.Release|Any CPU.Build.0 = Release|Any CPU
	EndGlobalSection
	GlobalSection(SolutionProperties) = preSolution
		HideSolutionNode = FALSE
	EndGlobalSection
	GlobalSection(ExtensibilityGlobals) = postSolution
		SolutionGuid = {8EE23887-794A-49E0-965C-BAB384E9081C}
	EndGlobalSection
EndGlobal
