
Microsoft Visual Studio Solution File, Format Version 12.00
# Visual Studio Version 17
VisualStudioVersion = 17.13.35825.156 d17.13
MinimumVisualStudioVersion = 10.0.40219.1
Project("{FAE04EC0-301F-11D3-BF4B-00C04F79EFBC}") = "BrickGame", "BrickGame\BrickGame.csproj", "{439E0838-DD21-40A0-83AC-14CCFBB8559E}"
EndProject
Global
	GlobalSection(SolutionConfigurationPlatforms) = preSolution
		Debug|Any CPU = Debug|Any CPU
		Release|Any CPU = Release|Any CPU
	EndGlobalSection
	GlobalSection(ProjectConfigurationPlatforms) = postSolution
		{439E0838-DD21-40A0-83AC-14CCFBB8559E}.Debug|Any CPU.ActiveCfg = Debug|Any CPU
		{439E0838-DD21-40A0-83AC-14CCFBB8559E}.Debug|Any CPU.Build.0 = Debug|Any CPU
		{439E0838-DD21-40A0-83AC-14CCFBB8559E}.Release|Any CPU.ActiveCfg = Release|Any CPU
		{439E0838-DD21-40A0-83AC-14CCFBB8559E}.Release|Any CPU.Build.0 = Release|Any CPU
	EndGlobalSection
	GlobalSection(SolutionProperties) = preSolution
		HideSolutionNode = FALSE
	EndGlobalSection
	GlobalSection(ExtensibilityGlobals) = postSolution
		SolutionGuid = {E77B8D13-1961-4F16-BDDB-A5162F13BB4E}
	EndGlobalSection
EndGlobal
