
Microsoft Visual Studio Solution File, Format Version 12.00
# Visual Studio Version 17
VisualStudioVersion = 17.13.35818.85 d17.13
MinimumVisualStudioVersion = 10.0.40219.1
Project("{FAE04EC0-301F-11D3-BF4B-00C04F79EFBC}") = "ShootingGame", "ShootingGame\ShootingGame.csproj", "{6A02FBA4-A62D-4758-96A4-32DD146C44AB}"
EndProject
Global
	GlobalSection(SolutionConfigurationPlatforms) = preSolution
		Debug|Any CPU = Debug|Any CPU
		Release|Any CPU = Release|Any CPU
	EndGlobalSection
	GlobalSection(ProjectConfigurationPlatforms) = postSolution
		{6A02FBA4-A62D-4758-96A4-32DD146C44AB}.Debug|Any CPU.ActiveCfg = Debug|Any CPU
		{6A02FBA4-A62D-4758-96A4-32DD146C44AB}.Debug|Any CPU.Build.0 = Debug|Any CPU
		{6A02FBA4-A62D-4758-96A4-32DD146C44AB}.Release|Any CPU.ActiveCfg = Release|Any CPU
		{6A02FBA4-A62D-4758-96A4-32DD146C44AB}.Release|Any CPU.Build.0 = Release|Any CPU
	EndGlobalSection
	GlobalSection(SolutionProperties) = preSolution
		HideSolutionNode = FALSE
	EndGlobalSection
	GlobalSection(ExtensibilityGlobals) = postSolution
		SolutionGuid = {8C3AC2AF-46C0-4A66-8B33-08EC2D7ABE7F}
	EndGlobalSection
EndGlobal
