
Microsoft Visual Studio Solution File, Format Version 12.00
# Visual Studio Version 17
VisualStudioVersion = 17.13.35825.156 d17.13
MinimumVisualStudioVersion = 10.0.40219.1
Project("{FAE04EC0-301F-11D3-BF4B-00C04F79EFBC}") = "Study26", "Study26\Study26.csproj", "{C2B5B3C4-8DB1-4FD6-B7ED-9077BE5FDE46}"
EndProject
Global
	GlobalSection(SolutionConfigurationPlatforms) = preSolution
		Debug|Any CPU = Debug|Any CPU
		Release|Any CPU = Release|Any CPU
	EndGlobalSection
	GlobalSection(ProjectConfigurationPlatforms) = postSolution
		{C2B5B3C4-8DB1-4FD6-B7ED-9077BE5FDE46}.Debug|Any CPU.ActiveCfg = Debug|Any CPU
		{C2B5B3C4-8DB1-4FD6-B7ED-9077BE5FDE46}.Debug|Any CPU.Build.0 = Debug|Any CPU
		{C2B5B3C4-8DB1-4FD6-B7ED-9077BE5FDE46}.Release|Any CPU.ActiveCfg = Release|Any CPU
		{C2B5B3C4-8DB1-4FD6-B7ED-9077BE5FDE46}.Release|Any CPU.Build.0 = Release|Any CPU
	EndGlobalSection
	GlobalSection(SolutionProperties) = preSolution
		HideSolutionNode = FALSE
	EndGlobalSection
	GlobalSection(ExtensibilityGlobals) = postSolution
		SolutionGuid = {1E203D32-7CC1-495F-8F4D-C1AAFF506B10}
	EndGlobalSection
EndGlobal
