
Microsoft Visual Studio Solution File, Format Version 12.00
# Visual Studio Version 17
VisualStudioVersion = 17.13.35825.156 d17.13
MinimumVisualStudioVersion = 10.0.40219.1
Project("{FAE04EC0-301F-11D3-BF4B-00C04F79EFBC}") = "TEXTRPG", "TEXTRPG\TEXTRPG.csproj", "{7F835642-A567-4BEE-AA67-635A95E0B41F}"
EndProject
Global
	GlobalSection(SolutionConfigurationPlatforms) = preSolution
		Debug|Any CPU = Debug|Any CPU
		Release|Any CPU = Release|Any CPU
	EndGlobalSection
	GlobalSection(ProjectConfigurationPlatforms) = postSolution
		{7F835642-A567-4BEE-AA67-635A95E0B41F}.Debug|Any CPU.ActiveCfg = Debug|Any CPU
		{7F835642-A567-4BEE-AA67-635A95E0B41F}.Debug|Any CPU.Build.0 = Debug|Any CPU
		{7F835642-A567-4BEE-AA67-635A95E0B41F}.Release|Any CPU.ActiveCfg = Release|Any CPU
		{7F835642-A567-4BEE-AA67-635A95E0B41F}.Release|Any CPU.Build.0 = Release|Any CPU
	EndGlobalSection
	GlobalSection(SolutionProperties) = preSolution
		HideSolutionNode = FALSE
	EndGlobalSection
	GlobalSection(ExtensibilityGlobals) = postSolution
		SolutionGuid = {1F8FD9BE-65C3-4F54-89CB-71A4EEA0F872}
	EndGlobalSection
EndGlobal
